
Microsoft Visual Studio Solution File, Format Version 12.00
# Visual Studio 15
VisualStudioVersion = 15.0.27130.2027
MinimumVisualStudioVersion = 10.0.40219.1
Project("{FAE04EC0-301F-11D3-BF4B-00C04F79EFBC}") = "User_Authorization_System", "User_Authorization_System\User_Authorization_System.csproj", "{5F1842B6-67E7-44A1-BEBA-199003F26056}"
EndProject
Global
	GlobalSection(SolutionConfigurationPlatforms) = preSolution
		Debug|Any CPU = Debug|Any CPU
		Release|Any CPU = Release|Any CPU
	EndGlobalSection
	GlobalSection(ProjectConfigurationPlatforms) = postSolution
		{5F1842B6-67E7-44A1-BEBA-199003F26056}.Debug|Any CPU.ActiveCfg = Debug|Any CPU
		{5F1842B6-67E7-44A1-BEBA-199003F26056}.Debug|Any CPU.Build.0 = Debug|Any CPU
		{5F1842B6-67E7-44A1-BEBA-199003F26056}.Release|Any CPU.ActiveCfg = Release|Any CPU
		{5F1842B6-67E7-44A1-BEBA-199003F26056}.Release|Any CPU.Build.0 = Release|Any CPU
	EndGlobalSection
	GlobalSection(SolutionProperties) = preSolution
		HideSolutionNode = FALSE
	EndGlobalSection
	GlobalSection(ExtensibilityGlobals) = postSolution
		SolutionGuid = {83A0E865-2961-4824-83D3-6632F844618E}
	EndGlobalSection
EndGlobal
